
Microsoft Visual Studio Solution File, Format Version 12.00
# Visual Studio Version 17
VisualStudioVersion = 17.9.34511.98
MinimumVisualStudioVersion = 10.0.40219.1
Project("{FAE04EC0-301F-11D3-BF4B-00C04F79EFBC}") = "hyperpersonalisation-with-agents", "hyperpersonalisation-with-agents\hyperpersonalisation-with-agents.csproj", "{95A0122E-7B41-448B-BE20-32904243E3CE}"
EndProject
Global
	GlobalSection(SolutionConfigurationPlatforms) = preSolution
		Debug|Any CPU = Debug|Any CPU
		Release|Any CPU = Release|Any CPU
	EndGlobalSection
	GlobalSection(ProjectConfigurationPlatforms) = postSolution
		{95A0122E-7B41-448B-BE20-32904243E3CE}.Debug|Any CPU.ActiveCfg = Debug|Any CPU
		{95A0122E-7B41-448B-BE20-32904243E3CE}.Debug|Any CPU.Build.0 = Debug|Any CPU
		{95A0122E-7B41-448B-BE20-32904243E3CE}.Release|Any CPU.ActiveCfg = Release|Any CPU
		{95A0122E-7B41-448B-BE20-32904243E3CE}.Release|Any CPU.Build.0 = Release|Any CPU
	EndGlobalSection
	GlobalSection(SolutionProperties) = preSolution
		HideSolutionNode = FALSE
	EndGlobalSection
	GlobalSection(ExtensibilityGlobals) = postSolution
		SolutionGuid = {B454E714-17E1-48E6-81AF-4D04DA00A1A4}
	EndGlobalSection
EndGlobal
